
Microsoft Visual Studio Solution File, Format Version 12.00
# Visual Studio Version 16
VisualStudioVersion = 16.0.33927.289
MinimumVisualStudioVersion = 10.0.40219.1
Project("{2150E333-8FDC-42A3-9474-1A3956D46DE8}") = "Task0", "Task0", "{84C4B5F1-B5A7-4D17-947D-91F2C1E98CD5}"
EndProject
Project("{FAE04EC0-301F-11D3-BF4B-00C04F79EFBC}") = "Tyuiu.VdovichenkoAI.Sprint3.Task0.V27", "Tyuiu.VdovichenkoAI.Sprint3.Task0.V27\Tyuiu.VdovichenkoAI.Sprint3.Task0.V27.csproj", "{CA9F3AB5-9D25-4B0A-8745-338AB3603D81}"
EndProject
Project("{FAE04EC0-301F-11D3-BF4B-00C04F79EFBC}") = "Tyuiu.VdovichenkoAI.Sprint3.Task0.V27.Lib", "Tyuiu.VdovichenkoAI.Sprint3.Task0.V27.Lib\Tyuiu.VdovichenkoAI.Sprint3.Task0.V27.Lib.csproj", "{128ACF9D-40C5-45E7-B0A6-9641D1B2B8FB}"
EndProject
Project("{FAE04EC0-301F-11D3-BF4B-00C04F79EFBC}") = "Tyuiu.VdovichenkoAI.Sprint3.Task0.V27.Test", "Tyuiu.VdovichenkoAI.Sprint3.Task0.V27.Test\Tyuiu.VdovichenkoAI.Sprint3.Task0.V27.Test.csproj", "{429A36B7-441F-4410-8C1A-3B8C97926B03}"
EndProject
Project("{2150E333-8FDC-42A3-9474-1A3956D46DE8}") = "Task1", "Task1", "{2FCF4CBF-DF7B-49CD-BF20-CA2847BEFFE4}"
EndProject
Project("{FAE04EC0-301F-11D3-BF4B-00C04F79EFBC}") = "Tyuiu.VdovichenkoAI.Sprint3.Task1.V17", "Tyuiu.VdovichenkoAI.Sprint3.Task1.V17\Tyuiu.VdovichenkoAI.Sprint3.Task1.V17.csproj", "{CC3F5248-32FF-4516-8BBA-D5C59AF817A8}"
EndProject
Project("{FAE04EC0-301F-11D3-BF4B-00C04F79EFBC}") = "Tyuiu.VdovichenkoAI.Sprint3.Task1.V17.Lib", "Tyuiu.VdovichenkoAI.Sprint3.Task1.V17.Lib\Tyuiu.VdovichenkoAI.Sprint3.Task1.V17.Lib.csproj", "{42CC747F-6CA4-4A67-95B8-9153FFCF342E}"
EndProject
Project("{FAE04EC0-301F-11D3-BF4B-00C04F79EFBC}") = "Tyuiu.VdovichenkoAI.Sprint3.Task1.V17.Test", "Tyuiu.VdovichenkoAI.Sprint3.Task1.V17.Test\Tyuiu.VdovichenkoAI.Sprint3.Task1.V17.Test.csproj", "{6011BA74-2272-454F-B35E-B6CFF27D18FF}"
EndProject
Project("{2150E333-8FDC-42A3-9474-1A3956D46DE8}") = "Task2", "Task2", "{1A9A7686-A5C8-4085-9155-417B332C542A}"
EndProject
Project("{FAE04EC0-301F-11D3-BF4B-00C04F79EFBC}") = "Tyuiu.VdovichenkoAI.Sprint3.Task2.V3", "Tyuiu.VdovichenkoAI.Sprint3.Task2.V3\Tyuiu.VdovichenkoAI.Sprint3.Task2.V3.csproj", "{99A549FB-930C-4F82-93DF-EFF3F51F10C2}"
EndProject
Project("{FAE04EC0-301F-11D3-BF4B-00C04F79EFBC}") = "Tyuiu.VdovichenkoAI.Sprint3.Task2.V3.Lib", "Tyuiu.VdovichenkoAI.Sprint3.Task2.V3.Lib\Tyuiu.VdovichenkoAI.Sprint3.Task2.V3.Lib.csproj", "{31DEBBF0-095C-47A7-8F01-F297132D61F1}"
EndProject
Project("{FAE04EC0-301F-11D3-BF4B-00C04F79EFBC}") = "Tyuiu.VdovichenkoAI.Sprint3.Task2.V3.Test", "Tyuiu.VdovichenkoAI.Sprint3.Task2.V3.Test\Tyuiu.VdovichenkoAI.Sprint3.Task2.V3.Test.csproj", "{7C338BF6-6C88-4281-9B61-4736D96B97CC}"
EndProject
Project("{2150E333-8FDC-42A3-9474-1A3956D46DE8}") = "Task3", "Task3", "{D0F4E69E-36B9-41D1-8D00-C1FC6AC04793}"
EndProject
Project("{FAE04EC0-301F-11D3-BF4B-00C04F79EFBC}") = "Tyuiu.VdovichenkoAI.Sprint3.Task3.V24", "Tyuiu.VdovichenkoAI.Sprint3.Task3.V24\Tyuiu.VdovichenkoAI.Sprint3.Task3.V24.csproj", "{E542E875-9DFB-4286-A511-8E6E5AFD8907}"
EndProject
Project("{FAE04EC0-301F-11D3-BF4B-00C04F79EFBC}") = "Tyuiu.VdovichenkoAI.Sprint3.Task3.V24.Lib", "Tyuiu.VdovichenkoAI.Sprint3.Task3.V24.Lib\Tyuiu.VdovichenkoAI.Sprint3.Task3.V24.Lib.csproj", "{359FE004-89F1-4BA6-924A-C07B30F88539}"
EndProject
Project("{FAE04EC0-301F-11D3-BF4B-00C04F79EFBC}") = "Tyuiu.VdovichenkoAI.Sprint3.Task3.V24.Test", "Tyuiu.VdovichenkoAI.Sprint3.Task3.V24.Test\Tyuiu.VdovichenkoAI.Sprint3.Task3.V24.Test.csproj", "{D84E7203-DDC0-4BAB-B4F8-A215DBE2F5EE}"
EndProject
Project("{2150E333-8FDC-42A3-9474-1A3956D46DE8}") = "Task4", "Task4", "{9DF2FDCE-0170-4352-A971-ABE9D22454B3}"
EndProject
Project("{FAE04EC0-301F-11D3-BF4B-00C04F79EFBC}") = "Tyuiu.VdovichenkoAI.Sprint3.Task4.V22", "Tyuiu.VdovichenkoAI.Sprint3.Task4.V22\Tyuiu.VdovichenkoAI.Sprint3.Task4.V22.csproj", "{CFC65A86-B746-4110-AD6D-405D47C09B65}"
EndProject
Project("{FAE04EC0-301F-11D3-BF4B-00C04F79EFBC}") = "Tyuiu.VdovichenkoAI.Sprint3.Task4.V22.Lib", "Tyuiu.VdovichenkoAI.Sprint3.Task4.V22.Lib\Tyuiu.VdovichenkoAI.Sprint3.Task4.V22.Lib.csproj", "{93EB1D70-843D-4805-B414-949393C587F4}"
EndProject
Project("{FAE04EC0-301F-11D3-BF4B-00C04F79EFBC}") = "Tyuiu.VdovichenkoAI.Sprint3.Task4.V22.Test", "Tyuiu.VdovichenkoAI.Sprint3.Task4.V22.Test\Tyuiu.VdovichenkoAI.Sprint3.Task4.V22.Test.csproj", "{A67F6290-8DE1-4F73-8FA3-86DB1FE1CB1C}"
EndProject
Project("{2150E333-8FDC-42A3-9474-1A3956D46DE8}") = "Task5", "Task5", "{64C729E7-DC25-4F14-9FF5-00CB2A3B5614}"
EndProject
Project("{FAE04EC0-301F-11D3-BF4B-00C04F79EFBC}") = "Tyuiu.VdovichenkoAI.Sprint3.Task5.V5", "Tyuiu.VdovichenkoAI.Sprint3.Task5.V5\Tyuiu.VdovichenkoAI.Sprint3.Task5.V5.csproj", "{31A51AB2-22F2-4BE5-8482-6A48F8514B7C}"
EndProject
Project("{FAE04EC0-301F-11D3-BF4B-00C04F79EFBC}") = "Tyuiu.VdovichenkoAI.Sprint3.Task5.V5.Lib", "Tyuiu.VdovichenkoAI.Sprint3.Task5.V5.Lib\Tyuiu.VdovichenkoAI.Sprint3.Task5.V5.Lib.csproj", "{090EF83B-939D-4929-AF5D-A46FF268D890}"
EndProject
Project("{FAE04EC0-301F-11D3-BF4B-00C04F79EFBC}") = "Tyuiu.VdovichenkoAI.Sprint3.Task5.V5.Test", "Tyuiu.VdovichenkoAI.Sprint3.Task5.V5.Test\Tyuiu.VdovichenkoAI.Sprint3.Task5.V5.Test.csproj", "{E6D3F2BE-FD7A-4765-A90E-832B95D9A4C4}"
EndProject
Global
	GlobalSection(SolutionConfigurationPlatforms) = preSolution
		Debug|Any CPU = Debug|Any CPU
		Release|Any CPU = Release|Any CPU
	EndGlobalSection
	GlobalSection(ProjectConfigurationPlatforms) = postSolution
		{CA9F3AB5-9D25-4B0A-8745-338AB3603D81}.Debug|Any CPU.ActiveCfg = Debug|Any CPU
		{CA9F3AB5-9D25-4B0A-8745-338AB3603D81}.Debug|Any CPU.Build.0 = Debug|Any CPU
		{CA9F3AB5-9D25-4B0A-8745-338AB3603D81}.Release|Any CPU.ActiveCfg = Release|Any CPU
		{CA9F3AB5-9D25-4B0A-8745-338AB3603D81}.Release|Any CPU.Build.0 = Release|Any CPU
		{128ACF9D-40C5-45E7-B0A6-9641D1B2B8FB}.Debug|Any CPU.ActiveCfg = Debug|Any CPU
		{128ACF9D-40C5-45E7-B0A6-9641D1B2B8FB}.Debug|Any CPU.Build.0 = Debug|Any CPU
		{128ACF9D-40C5-45E7-B0A6-9641D1B2B8FB}.Release|Any CPU.ActiveCfg = Release|Any CPU
		{128ACF9D-40C5-45E7-B0A6-9641D1B2B8FB}.Release|Any CPU.Build.0 = Release|Any CPU
		{429A36B7-441F-4410-8C1A-3B8C97926B03}.Debug|Any CPU.ActiveCfg = Debug|Any CPU
		{429A36B7-441F-4410-8C1A-3B8C97926B03}.Debug|Any CPU.Build.0 = Debug|Any CPU
		{429A36B7-441F-4410-8C1A-3B8C97926B03}.Release|Any CPU.ActiveCfg = Release|Any CPU
		{429A36B7-441F-4410-8C1A-3B8C97926B03}.Release|Any CPU.Build.0 = Release|Any CPU
		{CC3F5248-32FF-4516-8BBA-D5C59AF817A8}.Debug|Any CPU.ActiveCfg = Debug|Any CPU
		{CC3F5248-32FF-4516-8BBA-D5C59AF817A8}.Debug|Any CPU.Build.0 = Debug|Any CPU
		{CC3F5248-32FF-4516-8BBA-D5C59AF817A8}.Release|Any CPU.ActiveCfg = Release|Any CPU
		{CC3F5248-32FF-4516-8BBA-D5C59AF817A8}.Release|Any CPU.Build.0 = Release|Any CPU
		{42CC747F-6CA4-4A67-95B8-9153FFCF342E}.Debug|Any CPU.ActiveCfg = Debug|Any CPU
		{42CC747F-6CA4-4A67-95B8-9153FFCF342E}.Debug|Any CPU.Build.0 = Debug|Any CPU
		{42CC747F-6CA4-4A67-95B8-9153FFCF342E}.Release|Any CPU.ActiveCfg = Release|Any CPU
		{42CC747F-6CA4-4A67-95B8-9153FFCF342E}.Release|Any CPU.Build.0 = Release|Any CPU
		{6011BA74-2272-454F-B35E-B6CFF27D18FF}.Debug|Any CPU.ActiveCfg = Debug|Any CPU
		{6011BA74-2272-454F-B35E-B6CFF27D18FF}.Debug|Any CPU.Build.0 = Debug|Any CPU
		{6011BA74-2272-454F-B35E-B6CFF27D18FF}.Release|Any CPU.ActiveCfg = Release|Any CPU
		{6011BA74-2272-454F-B35E-B6CFF27D18FF}.Release|Any CPU.Build.0 = Release|Any CPU
		{99A549FB-930C-4F82-93DF-EFF3F51F10C2}.Debug|Any CPU.ActiveCfg = Debug|Any CPU
		{99A549FB-930C-4F82-93DF-EFF3F51F10C2}.Debug|Any CPU.Build.0 = Debug|Any CPU
		{99A549FB-930C-4F82-93DF-EFF3F51F10C2}.Release|Any CPU.ActiveCfg = Release|Any CPU
		{99A549FB-930C-4F82-93DF-EFF3F51F10C2}.Release|Any CPU.Build.0 = Release|Any CPU
		{31DEBBF0-095C-47A7-8F01-F297132D61F1}.Debug|Any CPU.ActiveCfg = Debug|Any CPU
		{31DEBBF0-095C-47A7-8F01-F297132D61F1}.Debug|Any CPU.Build.0 = Debug|Any CPU
		{31DEBBF0-095C-47A7-8F01-F297132D61F1}.Release|Any CPU.ActiveCfg = Release|Any CPU
		{31DEBBF0-095C-47A7-8F01-F297132D61F1}.Release|Any CPU.Build.0 = Release|Any CPU
		{7C338BF6-6C88-4281-9B61-4736D96B97CC}.Debug|Any CPU.ActiveCfg = Debug|Any CPU
		{7C338BF6-6C88-4281-9B61-4736D96B97CC}.Debug|Any CPU.Build.0 = Debug|Any CPU
		{7C338BF6-6C88-4281-9B61-4736D96B97CC}.Release|Any CPU.ActiveCfg = Release|Any CPU
		{7C338BF6-6C88-4281-9B61-4736D96B97CC}.Release|Any CPU.Build.0 = Release|Any CPU
		{E542E875-9DFB-4286-A511-8E6E5AFD8907}.Debug|Any CPU.ActiveCfg = Debug|Any CPU
		{E542E875-9DFB-4286-A511-8E6E5AFD8907}.Debug|Any CPU.Build.0 = Debug|Any CPU
		{E542E875-9DFB-4286-A511-8E6E5AFD8907}.Release|Any CPU.ActiveCfg = Release|Any CPU
		{E542E875-9DFB-4286-A511-8E6E5AFD8907}.Release|Any CPU.Build.0 = Release|Any CPU
		{359FE004-89F1-4BA6-924A-C07B30F88539}.Debug|Any CPU.ActiveCfg = Debug|Any CPU
		{359FE004-89F1-4BA6-924A-C07B30F88539}.Debug|Any CPU.Build.0 = Debug|Any CPU
		{359FE004-89F1-4BA6-924A-C07B30F88539}.Release|Any CPU.ActiveCfg = Release|Any CPU
		{359FE004-89F1-4BA6-924A-C07B30F88539}.Release|Any CPU.Build.0 = Release|Any CPU
		{D84E7203-DDC0-4BAB-B4F8-A215DBE2F5EE}.Debug|Any CPU.ActiveCfg = Debug|Any CPU
		{D84E7203-DDC0-4BAB-B4F8-A215DBE2F5EE}.Debug|Any CPU.Build.0 = Debug|Any CPU
		{D84E7203-DDC0-4BAB-B4F8-A215DBE2F5EE}.Release|Any CPU.ActiveCfg = Release|Any CPU
		{D84E7203-DDC0-4BAB-B4F8-A215DBE2F5EE}.Release|Any CPU.Build.0 = Release|Any CPU
		{CFC65A86-B746-4110-AD6D-405D47C09B65}.Debug|Any CPU.ActiveCfg = Debug|Any CPU
		{CFC65A86-B746-4110-AD6D-405D47C09B65}.Debug|Any CPU.Build.0 = Debug|Any CPU
		{CFC65A86-B746-4110-AD6D-405D47C09B65}.Release|Any CPU.ActiveCfg = Release|Any CPU
		{CFC65A86-B746-4110-AD6D-405D47C09B65}.Release|Any CPU.Build.0 = Release|Any CPU
		{93EB1D70-843D-4805-B414-949393C587F4}.Debug|Any CPU.ActiveCfg = Debug|Any CPU
		{93EB1D70-843D-4805-B414-949393C587F4}.Debug|Any CPU.Build.0 = Debug|Any CPU
		{93EB1D70-843D-4805-B414-949393C587F4}.Release|Any CPU.ActiveCfg = Release|Any CPU
		{93EB1D70-843D-4805-B414-949393C587F4}.Release|Any CPU.Build.0 = Release|Any CPU
		{A67F6290-8DE1-4F73-8FA3-86DB1FE1CB1C}.Debug|Any CPU.ActiveCfg = Debug|Any CPU
		{A67F6290-8DE1-4F73-8FA3-86DB1FE1CB1C}.Debug|Any CPU.Build.0 = Debug|Any CPU
		{A67F6290-8DE1-4F73-8FA3-86DB1FE1CB1C}.Release|Any CPU.ActiveCfg = Release|Any CPU
		{A67F6290-8DE1-4F73-8FA3-86DB1FE1CB1C}.Release|Any CPU.Build.0 = Release|Any CPU
		{31A51AB2-22F2-4BE5-8482-6A48F8514B7C}.Debug|Any CPU.ActiveCfg = Debug|Any CPU
		{31A51AB2-22F2-4BE5-8482-6A48F8514B7C}.Debug|Any CPU.Build.0 = Debug|Any CPU
		{31A51AB2-22F2-4BE5-8482-6A48F8514B7C}.Release|Any CPU.ActiveCfg = Release|Any CPU
		{31A51AB2-22F2-4BE5-8482-6A48F8514B7C}.Release|Any CPU.Build.0 = Release|Any CPU
		{090EF83B-939D-4929-AF5D-A46FF268D890}.Debug|Any CPU.ActiveCfg = Debug|Any CPU
		{090EF83B-939D-4929-AF5D-A46FF268D890}.Debug|Any CPU.Build.0 = Debug|Any CPU
		{090EF83B-939D-4929-AF5D-A46FF268D890}.Release|Any CPU.ActiveCfg = Release|Any CPU
		{090EF83B-939D-4929-AF5D-A46FF268D890}.Release|Any CPU.Build.0 = Release|Any CPU
		{E6D3F2BE-FD7A-4765-A90E-832B95D9A4C4}.Debug|Any CPU.ActiveCfg = Debug|Any CPU
		{E6D3F2BE-FD7A-4765-A90E-832B95D9A4C4}.Debug|Any CPU.Build.0 = Debug|Any CPU
		{E6D3F2BE-FD7A-4765-A90E-832B95D9A4C4}.Release|Any CPU.ActiveCfg = Release|Any CPU
		{E6D3F2BE-FD7A-4765-A90E-832B95D9A4C4}.Release|Any CPU.Build.0 = Release|Any CPU
	EndGlobalSection
	GlobalSection(SolutionProperties) = preSolution
		HideSolutionNode = FALSE
	EndGlobalSection
	GlobalSection(NestedProjects) = preSolution
		{CA9F3AB5-9D25-4B0A-8745-338AB3603D81} = {84C4B5F1-B5A7-4D17-947D-91F2C1E98CD5}
		{128ACF9D-40C5-45E7-B0A6-9641D1B2B8FB} = {84C4B5F1-B5A7-4D17-947D-91F2C1E98CD5}
		{429A36B7-441F-4410-8C1A-3B8C97926B03} = {84C4B5F1-B5A7-4D17-947D-91F2C1E98CD5}
		{CC3F5248-32FF-4516-8BBA-D5C59AF817A8} = {2FCF4CBF-DF7B-49CD-BF20-CA2847BEFFE4}
		{42CC747F-6CA4-4A67-95B8-9153FFCF342E} = {2FCF4CBF-DF7B-49CD-BF20-CA2847BEFFE4}
		{6011BA74-2272-454F-B35E-B6CFF27D18FF} = {2FCF4CBF-DF7B-49CD-BF20-CA2847BEFFE4}
		{99A549FB-930C-4F82-93DF-EFF3F51F10C2} = {1A9A7686-A5C8-4085-9155-417B332C542A}
		{31DEBBF0-095C-47A7-8F01-F297132D61F1} = {1A9A7686-A5C8-4085-9155-417B332C542A}
		{7C338BF6-6C88-4281-9B61-4736D96B97CC} = {1A9A7686-A5C8-4085-9155-417B332C542A}
		{E542E875-9DFB-4286-A511-8E6E5AFD8907} = {D0F4E69E-36B9-41D1-8D00-C1FC6AC04793}
		{359FE004-89F1-4BA6-924A-C07B30F88539} = {D0F4E69E-36B9-41D1-8D00-C1FC6AC04793}
		{D84E7203-DDC0-4BAB-B4F8-A215DBE2F5EE} = {D0F4E69E-36B9-41D1-8D00-C1FC6AC04793}
		{CFC65A86-B746-4110-AD6D-405D47C09B65} = {9DF2FDCE-0170-4352-A971-ABE9D22454B3}
		{93EB1D70-843D-4805-B414-949393C587F4} = {9DF2FDCE-0170-4352-A971-ABE9D22454B3}
		{A67F6290-8DE1-4F73-8FA3-86DB1FE1CB1C} = {9DF2FDCE-0170-4352-A971-ABE9D22454B3}
		{31A51AB2-22F2-4BE5-8482-6A48F8514B7C} = {64C729E7-DC25-4F14-9FF5-00CB2A3B5614}
		{090EF83B-939D-4929-AF5D-A46FF268D890} = {64C729E7-DC25-4F14-9FF5-00CB2A3B5614}
		{E6D3F2BE-FD7A-4765-A90E-832B95D9A4C4} = {64C729E7-DC25-4F14-9FF5-00CB2A3B5614}
	EndGlobalSection
	GlobalSection(ExtensibilityGlobals) = postSolution
		SolutionGuid = {2CE8BA02-3685-4250-9521-2E950CA4E720}
	EndGlobalSection
EndGlobal
